
Microsoft Visual Studio Solution File, Format Version 12.00
# Visual Studio Version 17
VisualStudioVersion = 17.6.33829.357
MinimumVisualStudioVersion = 10.0.40219.1
Project("{9A19103F-16F7-4668-BE54-9A1E7A4F7556}") = "ECC.Institute.CRM.IntegrationAPI", "SchoolInfoIntegration\ECC.Institute.CRM.IntegrationAPI.csproj", "{0F5E370F-1A3F-4B95-A033-C1409E1F6C1B}"
EndProject
Global
	GlobalSection(SolutionConfigurationPlatforms) = preSolution
		Debug|Any CPU = Debug|Any CPU
		Release|Any CPU = Release|Any CPU
	EndGlobalSection
	GlobalSection(ProjectConfigurationPlatforms) = postSolution
		{0F5E370F-1A3F-4B95-A033-C1409E1F6C1B}.Debug|Any CPU.ActiveCfg = Debug|Any CPU
		{0F5E370F-1A3F-4B95-A033-C1409E1F6C1B}.Debug|Any CPU.Build.0 = Debug|Any CPU
		{0F5E370F-1A3F-4B95-A033-C1409E1F6C1B}.Release|Any CPU.ActiveCfg = Release|Any CPU
		{0F5E370F-1A3F-4B95-A033-C1409E1F6C1B}.Release|Any CPU.Build.0 = Release|Any CPU
	EndGlobalSection
	GlobalSection(SolutionProperties) = preSolution
		HideSolutionNode = FALSE
	EndGlobalSection
	GlobalSection(ExtensibilityGlobals) = postSolution
		SolutionGuid = {DE35E076-B6D6-4B82-88F9-4B235242B3DF}
	EndGlobalSection
EndGlobal
